
Microsoft Visual Studio Solution File, Format Version 12.00
# Visual Studio Version 17
VisualStudioVersion = 17.1.32414.318
MinimumVisualStudioVersion = 10.0.40219.1
Project("{FAE04EC0-301F-11D3-BF4B-00C04F79EFBC}") = "MVC_Assignment1", "MVC_Assignment1\MVC_Assignment1.csproj", "{8341F6AD-E113-40EB-8B1E-95043F9FFAAC}"
EndProject
Global
	GlobalSection(SolutionConfigurationPlatforms) = preSolution
		Debug|Any CPU = Debug|Any CPU
		Release|Any CPU = Release|Any CPU
	EndGlobalSection
	GlobalSection(ProjectConfigurationPlatforms) = postSolution
		{8341F6AD-E113-40EB-8B1E-95043F9FFAAC}.Debug|Any CPU.ActiveCfg = Debug|Any CPU
		{8341F6AD-E113-40EB-8B1E-95043F9FFAAC}.Debug|Any CPU.Build.0 = Debug|Any CPU
		{8341F6AD-E113-40EB-8B1E-95043F9FFAAC}.Release|Any CPU.ActiveCfg = Release|Any CPU
		{8341F6AD-E113-40EB-8B1E-95043F9FFAAC}.Release|Any CPU.Build.0 = Release|Any CPU
	EndGlobalSection
	GlobalSection(SolutionProperties) = preSolution
		HideSolutionNode = FALSE
	EndGlobalSection
	GlobalSection(ExtensibilityGlobals) = postSolution
		SolutionGuid = {D167242A-042F-4527-BDC1-DDF6F311A9F3}
	EndGlobalSection
EndGlobal
